
Microsoft Visual Studio Solution File, Format Version 12.00
# Visual Studio Version 17
VisualStudioVersion = 17.0.31919.166
MinimumVisualStudioVersion = 10.0.40219.1
Project("{FAE04EC0-301F-11D3-BF4B-00C04F79EFBC}") = "FreakyFashionServices.StockService", "FreakyFashionServices.StockService\FreakyFashionServices.StockService.csproj", "{4E541843-EDF2-4EC5-92C1-4B6CAD3CF663}"
EndProject
Global
	GlobalSection(SolutionConfigurationPlatforms) = preSolution
		Debug|Any CPU = Debug|Any CPU
		Release|Any CPU = Release|Any CPU
	EndGlobalSection
	GlobalSection(ProjectConfigurationPlatforms) = postSolution
		{4E541843-EDF2-4EC5-92C1-4B6CAD3CF663}.Debug|Any CPU.ActiveCfg = Debug|Any CPU
		{4E541843-EDF2-4EC5-92C1-4B6CAD3CF663}.Debug|Any CPU.Build.0 = Debug|Any CPU
		{4E541843-EDF2-4EC5-92C1-4B6CAD3CF663}.Release|Any CPU.ActiveCfg = Release|Any CPU
		{4E541843-EDF2-4EC5-92C1-4B6CAD3CF663}.Release|Any CPU.Build.0 = Release|Any CPU
	EndGlobalSection
	GlobalSection(SolutionProperties) = preSolution
		HideSolutionNode = FALSE
	EndGlobalSection
	GlobalSection(ExtensibilityGlobals) = postSolution
		SolutionGuid = {5592695B-8E7F-4488-96A2-25305F758B51}
	EndGlobalSection
EndGlobal
